
Microsoft Visual Studio Solution File, Format Version 12.00
# Visual Studio 2012
Project("{FAE04EC0-301F-11D3-BF4B-00C04F79EFBC}") = "CalculIP", "CalculIP\CalculIP.csproj", "{F222FF59-9AB8-47B6-8A96-2933DB4644CE}"
EndProject
Global
	GlobalSection(SolutionConfigurationPlatforms) = preSolution
		Debug|Any CPU = Debug|Any CPU
		Release|Any CPU = Release|Any CPU
	EndGlobalSection
	GlobalSection(ProjectConfigurationPlatforms) = postSolution
		{F222FF59-9AB8-47B6-8A96-2933DB4644CE}.Debug|Any CPU.ActiveCfg = Debug|Any CPU
		{F222FF59-9AB8-47B6-8A96-2933DB4644CE}.Debug|Any CPU.Build.0 = Debug|Any CPU
		{F222FF59-9AB8-47B6-8A96-2933DB4644CE}.Release|Any CPU.ActiveCfg = Release|Any CPU
		{F222FF59-9AB8-47B6-8A96-2933DB4644CE}.Release|Any CPU.Build.0 = Release|Any CPU
	EndGlobalSection
	GlobalSection(SolutionProperties) = preSolution
		HideSolutionNode = FALSE
	EndGlobalSection
EndGlobal
